
Microsoft Visual Studio Solution File, Format Version 11.00
# Visual Studio 2010
Project("{FAE04EC0-301F-11D3-BF4B-00C04F79EFBC}") = "prototypeBoardConnectionTest", "prototypeBoardConnectionTest.csproj", "{FE4833A3-F2D8-4480-8418-27C2F925DFF2}"
EndProject
Global
	GlobalSection(SolutionConfigurationPlatforms) = preSolution
		Debug|Any CPU = Debug|Any CPU
		Release|Any CPU = Release|Any CPU
	EndGlobalSection
	GlobalSection(ProjectConfigurationPlatforms) = postSolution
		{FE4833A3-F2D8-4480-8418-27C2F925DFF2}.Debug|Any CPU.ActiveCfg = Debug|Any CPU
		{FE4833A3-F2D8-4480-8418-27C2F925DFF2}.Debug|Any CPU.Build.0 = Debug|Any CPU
		{FE4833A3-F2D8-4480-8418-27C2F925DFF2}.Release|Any CPU.ActiveCfg = Release|Any CPU
		{FE4833A3-F2D8-4480-8418-27C2F925DFF2}.Release|Any CPU.Build.0 = Release|Any CPU
	EndGlobalSection
	GlobalSection(SolutionProperties) = preSolution
		HideSolutionNode = FALSE
	EndGlobalSection
EndGlobal
